
Microsoft Visual Studio Solution File, Format Version 12.00
# Visual Studio Version 17
VisualStudioVersion = 17.7.34009.444
MinimumVisualStudioVersion = 10.0.40219.1
Project("{9A19103F-16F7-4668-BE54-9A1E7A4F7556}") = "ToCode.Host", "ToCode.Host\ToCode.Host.csproj", "{666E5C61-DF2B-4570-907F-AF69D95998CF}"
EndProject
Project("{9A19103F-16F7-4668-BE54-9A1E7A4F7556}") = "ToCode.Infrastructure", "ToCode.Infrastructure\ToCode.Infrastructure.csproj", "{22F4C9B6-7C1C-4160-B13D-2030A0DCC176}"
EndProject
Project("{2150E333-8FDC-42A3-9474-1A3956D46DE8}") = "Modules", "Modules", "{69714334-F5E9-492D-8EEA-C808219EDAAC}"
EndProject
Project("{2150E333-8FDC-42A3-9474-1A3956D46DE8}") = "Base", "Base", "{D6D0CD77-F79E-4091-B41A-D25110E74890}"
EndProject
Project("{9A19103F-16F7-4668-BE54-9A1E7A4F7556}") = "ToCode.Base.Entities", "Modules\Base\ToCode.Base.Entities\ToCode.Base.Entities.csproj", "{F8021571-B53D-4E32-90A3-57BC61371752}"
EndProject
Project("{9A19103F-16F7-4668-BE54-9A1E7A4F7556}") = "ToCode.Base.Cores", "Modules\Base\ToCode.Base.Cores\ToCode.Base.Cores.csproj", "{648C5779-25CC-425B-B596-DBBCBA8B83B8}"
EndProject
Project("{9A19103F-16F7-4668-BE54-9A1E7A4F7556}") = "ToCode.Base.Apps", "Modules\Base\ToCode.Base.Apps\ToCode.Base.Apps.csproj", "{54094BDB-B073-4656-8CEE-BA691F97E068}"
EndProject
Project("{9A19103F-16F7-4668-BE54-9A1E7A4F7556}") = "ToCode.Base.Host", "Modules\Base\ToCode.Base.Host\ToCode.Base.Host.csproj", "{007E5749-59B9-451D-B229-A27319A44358}"
EndProject
Project("{2150E333-8FDC-42A3-9474-1A3956D46DE8}") = "Project", "Project", "{FF0867D2-3B1B-437E-8719-7BE1AF5159E2}"
EndProject
Global
	GlobalSection(SolutionConfigurationPlatforms) = preSolution
		Debug|Any CPU = Debug|Any CPU
		Release|Any CPU = Release|Any CPU
	EndGlobalSection
	GlobalSection(ProjectConfigurationPlatforms) = postSolution
		{666E5C61-DF2B-4570-907F-AF69D95998CF}.Debug|Any CPU.ActiveCfg = Debug|Any CPU
		{666E5C61-DF2B-4570-907F-AF69D95998CF}.Debug|Any CPU.Build.0 = Debug|Any CPU
		{666E5C61-DF2B-4570-907F-AF69D95998CF}.Release|Any CPU.ActiveCfg = Release|Any CPU
		{666E5C61-DF2B-4570-907F-AF69D95998CF}.Release|Any CPU.Build.0 = Release|Any CPU
		{22F4C9B6-7C1C-4160-B13D-2030A0DCC176}.Debug|Any CPU.ActiveCfg = Debug|Any CPU
		{22F4C9B6-7C1C-4160-B13D-2030A0DCC176}.Debug|Any CPU.Build.0 = Debug|Any CPU
		{22F4C9B6-7C1C-4160-B13D-2030A0DCC176}.Release|Any CPU.ActiveCfg = Release|Any CPU
		{22F4C9B6-7C1C-4160-B13D-2030A0DCC176}.Release|Any CPU.Build.0 = Release|Any CPU
		{F8021571-B53D-4E32-90A3-57BC61371752}.Debug|Any CPU.ActiveCfg = Debug|Any CPU
		{F8021571-B53D-4E32-90A3-57BC61371752}.Debug|Any CPU.Build.0 = Debug|Any CPU
		{F8021571-B53D-4E32-90A3-57BC61371752}.Release|Any CPU.ActiveCfg = Release|Any CPU
		{F8021571-B53D-4E32-90A3-57BC61371752}.Release|Any CPU.Build.0 = Release|Any CPU
		{648C5779-25CC-425B-B596-DBBCBA8B83B8}.Debug|Any CPU.ActiveCfg = Debug|Any CPU
		{648C5779-25CC-425B-B596-DBBCBA8B83B8}.Debug|Any CPU.Build.0 = Debug|Any CPU
		{648C5779-25CC-425B-B596-DBBCBA8B83B8}.Release|Any CPU.ActiveCfg = Release|Any CPU
		{648C5779-25CC-425B-B596-DBBCBA8B83B8}.Release|Any CPU.Build.0 = Release|Any CPU
		{54094BDB-B073-4656-8CEE-BA691F97E068}.Debug|Any CPU.ActiveCfg = Debug|Any CPU
		{54094BDB-B073-4656-8CEE-BA691F97E068}.Debug|Any CPU.Build.0 = Debug|Any CPU
		{54094BDB-B073-4656-8CEE-BA691F97E068}.Release|Any CPU.ActiveCfg = Release|Any CPU
		{54094BDB-B073-4656-8CEE-BA691F97E068}.Release|Any CPU.Build.0 = Release|Any CPU
		{007E5749-59B9-451D-B229-A27319A44358}.Debug|Any CPU.ActiveCfg = Debug|Any CPU
		{007E5749-59B9-451D-B229-A27319A44358}.Debug|Any CPU.Build.0 = Debug|Any CPU
		{007E5749-59B9-451D-B229-A27319A44358}.Release|Any CPU.ActiveCfg = Release|Any CPU
		{007E5749-59B9-451D-B229-A27319A44358}.Release|Any CPU.Build.0 = Release|Any CPU
	EndGlobalSection
	GlobalSection(SolutionProperties) = preSolution
		HideSolutionNode = FALSE
	EndGlobalSection
	GlobalSection(NestedProjects) = preSolution
		{D6D0CD77-F79E-4091-B41A-D25110E74890} = {69714334-F5E9-492D-8EEA-C808219EDAAC}
		{F8021571-B53D-4E32-90A3-57BC61371752} = {D6D0CD77-F79E-4091-B41A-D25110E74890}
		{648C5779-25CC-425B-B596-DBBCBA8B83B8} = {D6D0CD77-F79E-4091-B41A-D25110E74890}
		{54094BDB-B073-4656-8CEE-BA691F97E068} = {D6D0CD77-F79E-4091-B41A-D25110E74890}
		{007E5749-59B9-451D-B229-A27319A44358} = {D6D0CD77-F79E-4091-B41A-D25110E74890}
		{FF0867D2-3B1B-437E-8719-7BE1AF5159E2} = {69714334-F5E9-492D-8EEA-C808219EDAAC}
	EndGlobalSection
	GlobalSection(ExtensibilityGlobals) = postSolution
		SolutionGuid = {86EB33E2-A9A9-4D1A-A799-D49D9FBD90DB}
	EndGlobalSection
EndGlobal
